
Microsoft Visual Studio Solution File, Format Version 12.00
# Visual Studio Version 16
VisualStudioVersion = 16.0.30804.86
MinimumVisualStudioVersion = 10.0.40219.1
Project("{FAE04EC0-301F-11D3-BF4B-00C04F79EFBC}") = "methods", "methods.csproj", "{76393A1D-5AB1-46CA-AC21-A91BB93660A7}"
EndProject
Global
	GlobalSection(SolutionConfigurationPlatforms) = preSolution
		Debug|Any CPU = Debug|Any CPU
		Release|Any CPU = Release|Any CPU
	EndGlobalSection
	GlobalSection(ProjectConfigurationPlatforms) = postSolution
		{76393A1D-5AB1-46CA-AC21-A91BB93660A7}.Debug|Any CPU.ActiveCfg = Debug|Any CPU
		{76393A1D-5AB1-46CA-AC21-A91BB93660A7}.Debug|Any CPU.Build.0 = Debug|Any CPU
		{76393A1D-5AB1-46CA-AC21-A91BB93660A7}.Release|Any CPU.ActiveCfg = Release|Any CPU
		{76393A1D-5AB1-46CA-AC21-A91BB93660A7}.Release|Any CPU.Build.0 = Release|Any CPU
	EndGlobalSection
	GlobalSection(SolutionProperties) = preSolution
		HideSolutionNode = FALSE
	EndGlobalSection
	GlobalSection(ExtensibilityGlobals) = postSolution
		SolutionGuid = {D5A1E191-F123-4286-8D55-80F3CEB4C9BE}
	EndGlobalSection
EndGlobal
